
Microsoft Visual Studio Solution File, Format Version 12.00
# Visual Studio Version 18
VisualStudioVersion = 18.3.11505.172
MinimumVisualStudioVersion = 10.0.40219.1
Project("{9A19103F-16F7-4668-BE54-9A1E7A4F7556}") = "CallaghanDev.ML.TestConsoleApp", "CallaghanDev.ML.TestConsoleApp\CallaghanDev.ML.TestConsoleApp.csproj", "{B20D0E58-CD83-42B5-997D-02AE1E028984}"
EndProject
Project("{2150E333-8FDC-42A3-9474-1A3956D46DE8}") = "Dependencies", "Dependencies", "{9E3F7CAF-DCB1-4FF7-9F36-A544C854F540}"
EndProject
Project("{9A19103F-16F7-4668-BE54-9A1E7A4F7556}") = "CallaghanDev.Common.Math", "..\CallaghanDev.Common\CallaghanDev.Common.Math\CallaghanDev.Common.Math.csproj", "{81D243BC-16EC-433F-ABE4-53532832BC91}"
EndProject
Project("{9A19103F-16F7-4668-BE54-9A1E7A4F7556}") = "CallaghanDev.Utilities", "..\CallaghanDev.Common\CallaghanDev.Utilities\CallaghanDev.Utilities.csproj", "{389B7C83-14AE-48D8-82F8-7875CC06523B}"
EndProject
Project("{FAE04EC0-301F-11D3-BF4B-00C04F79EFBC}") = "Terminal.Gui", "..\CallaghanDev.Common\Terminal.Gui\Terminal.Gui\Terminal.Gui.csproj", "{781A4685-0ABB-4811-A266-745F9AB1E9A4}"
EndProject
Project("{FAE04EC0-301F-11D3-BF4B-00C04F79EFBC}") = "CallaghanDev.XML", "..\CallaghanDev.Common\CallaghanDev.XML\CallaghanDev.XML.csproj", "{FA9C9A80-E670-D898-C8BD-6782EDBA442A}"
EndProject
Project("{FAE04EC0-301F-11D3-BF4B-00C04F79EFBC}") = "CallaghanDev.ML", "CallaghanDev.ML\CallaghanDev.ML.csproj", "{79CBEB2D-61C5-415D-097C-B0AD7B1474C5}"
EndProject
Global
	GlobalSection(SolutionConfigurationPlatforms) = preSolution
		Debug|Any CPU = Debug|Any CPU
		Release|Any CPU = Release|Any CPU
	EndGlobalSection
	GlobalSection(ProjectConfigurationPlatforms) = postSolution
		{B20D0E58-CD83-42B5-997D-02AE1E028984}.Debug|Any CPU.ActiveCfg = Debug|Any CPU
		{B20D0E58-CD83-42B5-997D-02AE1E028984}.Debug|Any CPU.Build.0 = Debug|Any CPU
		{B20D0E58-CD83-42B5-997D-02AE1E028984}.Release|Any CPU.ActiveCfg = Release|Any CPU
		{B20D0E58-CD83-42B5-997D-02AE1E028984}.Release|Any CPU.Build.0 = Release|Any CPU
		{81D243BC-16EC-433F-ABE4-53532832BC91}.Debug|Any CPU.ActiveCfg = Debug|Any CPU
		{81D243BC-16EC-433F-ABE4-53532832BC91}.Debug|Any CPU.Build.0 = Debug|Any CPU
		{81D243BC-16EC-433F-ABE4-53532832BC91}.Release|Any CPU.ActiveCfg = Release|Any CPU
		{81D243BC-16EC-433F-ABE4-53532832BC91}.Release|Any CPU.Build.0 = Release|Any CPU
		{389B7C83-14AE-48D8-82F8-7875CC06523B}.Debug|Any CPU.ActiveCfg = Debug|Any CPU
		{389B7C83-14AE-48D8-82F8-7875CC06523B}.Debug|Any CPU.Build.0 = Debug|Any CPU
		{389B7C83-14AE-48D8-82F8-7875CC06523B}.Release|Any CPU.ActiveCfg = Release|Any CPU
		{389B7C83-14AE-48D8-82F8-7875CC06523B}.Release|Any CPU.Build.0 = Release|Any CPU
		{781A4685-0ABB-4811-A266-745F9AB1E9A4}.Debug|Any CPU.ActiveCfg = Debug|Any CPU
		{781A4685-0ABB-4811-A266-745F9AB1E9A4}.Debug|Any CPU.Build.0 = Debug|Any CPU
		{781A4685-0ABB-4811-A266-745F9AB1E9A4}.Release|Any CPU.ActiveCfg = Release|Any CPU
		{781A4685-0ABB-4811-A266-745F9AB1E9A4}.Release|Any CPU.Build.0 = Release|Any CPU
		{FA9C9A80-E670-D898-C8BD-6782EDBA442A}.Debug|Any CPU.ActiveCfg = Debug|Any CPU
		{FA9C9A80-E670-D898-C8BD-6782EDBA442A}.Debug|Any CPU.Build.0 = Debug|Any CPU
		{FA9C9A80-E670-D898-C8BD-6782EDBA442A}.Release|Any CPU.ActiveCfg = Release|Any CPU
		{FA9C9A80-E670-D898-C8BD-6782EDBA442A}.Release|Any CPU.Build.0 = Release|Any CPU
		{79CBEB2D-61C5-415D-097C-B0AD7B1474C5}.Debug|Any CPU.ActiveCfg = Debug|Any CPU
		{79CBEB2D-61C5-415D-097C-B0AD7B1474C5}.Debug|Any CPU.Build.0 = Debug|Any CPU
		{79CBEB2D-61C5-415D-097C-B0AD7B1474C5}.Release|Any CPU.ActiveCfg = Release|Any CPU
		{79CBEB2D-61C5-415D-097C-B0AD7B1474C5}.Release|Any CPU.Build.0 = Release|Any CPU
	EndGlobalSection
	GlobalSection(SolutionProperties) = preSolution
		HideSolutionNode = FALSE
	EndGlobalSection
	GlobalSection(NestedProjects) = preSolution
		{81D243BC-16EC-433F-ABE4-53532832BC91} = {9E3F7CAF-DCB1-4FF7-9F36-A544C854F540}
		{389B7C83-14AE-48D8-82F8-7875CC06523B} = {9E3F7CAF-DCB1-4FF7-9F36-A544C854F540}
		{781A4685-0ABB-4811-A266-745F9AB1E9A4} = {9E3F7CAF-DCB1-4FF7-9F36-A544C854F540}
		{FA9C9A80-E670-D898-C8BD-6782EDBA442A} = {9E3F7CAF-DCB1-4FF7-9F36-A544C854F540}
	EndGlobalSection
	GlobalSection(ExtensibilityGlobals) = postSolution
		SolutionGuid = {F304C15B-5DBA-4C8F-99DB-814640C77A03}
	EndGlobalSection
EndGlobal
